
Microsoft Visual Studio Solution File, Format Version 12.00
# Visual Studio Version 16
VisualStudioVersion = 16.0.29319.158
MinimumVisualStudioVersion = 10.0.40219.1
Project("{9A19103F-16F7-4668-BE54-9A1E7A4F7556}") = "SW.Searchy", "SW.Searchy\SW.Searchy.csproj", "{2CF8D21F-0AB6-4E62-A544-3EC0D8625118}"
EndProject
Project("{9A19103F-16F7-4668-BE54-9A1E7A4F7556}") = "SW.Searchy.UnitTests", "SW.Searchy.UnitTests\SW.Searchy.UnitTests.csproj", "{D49CF5BE-2A93-4502-865C-ABC26EC1E129}"
EndProject
Project("{FAE04EC0-301F-11D3-BF4B-00C04F79EFBC}") = "SW.Searchy.Client", "SW.Searchy.Client\SW.Searchy.Client.csproj", "{16370463-9AE7-4D93-9A27-C104BDF7AD36}"
EndProject
Global
	GlobalSection(SolutionConfigurationPlatforms) = preSolution
		Debug|Any CPU = Debug|Any CPU
		Release|Any CPU = Release|Any CPU
	EndGlobalSection
	GlobalSection(ProjectConfigurationPlatforms) = postSolution
		{2CF8D21F-0AB6-4E62-A544-3EC0D8625118}.Debug|Any CPU.ActiveCfg = Debug|Any CPU
		{2CF8D21F-0AB6-4E62-A544-3EC0D8625118}.Debug|Any CPU.Build.0 = Debug|Any CPU
		{2CF8D21F-0AB6-4E62-A544-3EC0D8625118}.Release|Any CPU.ActiveCfg = Release|Any CPU
		{2CF8D21F-0AB6-4E62-A544-3EC0D8625118}.Release|Any CPU.Build.0 = Release|Any CPU
		{D49CF5BE-2A93-4502-865C-ABC26EC1E129}.Debug|Any CPU.ActiveCfg = Debug|Any CPU
		{D49CF5BE-2A93-4502-865C-ABC26EC1E129}.Debug|Any CPU.Build.0 = Debug|Any CPU
		{D49CF5BE-2A93-4502-865C-ABC26EC1E129}.Release|Any CPU.ActiveCfg = Release|Any CPU
		{D49CF5BE-2A93-4502-865C-ABC26EC1E129}.Release|Any CPU.Build.0 = Release|Any CPU
		{16370463-9AE7-4D93-9A27-C104BDF7AD36}.Debug|Any CPU.ActiveCfg = Debug|Any CPU
		{16370463-9AE7-4D93-9A27-C104BDF7AD36}.Debug|Any CPU.Build.0 = Debug|Any CPU
		{16370463-9AE7-4D93-9A27-C104BDF7AD36}.Release|Any CPU.ActiveCfg = Release|Any CPU
		{16370463-9AE7-4D93-9A27-C104BDF7AD36}.Release|Any CPU.Build.0 = Release|Any CPU
	EndGlobalSection
	GlobalSection(SolutionProperties) = preSolution
		HideSolutionNode = FALSE
	EndGlobalSection
	GlobalSection(ExtensibilityGlobals) = postSolution
		SolutionGuid = {322019F5-7121-4DF4-9978-F99A623B1EEF}
	EndGlobalSection
EndGlobal
